
Microsoft Visual Studio Solution File, Format Version 12.00
# Visual Studio Version 17
VisualStudioVersion = 17.1.32407.343
MinimumVisualStudioVersion = 10.0.40219.1
Project("{9A19103F-16F7-4668-BE54-9A1E7A4F7556}") = "ConsoleApp1", "ConsoleApp1\ConsoleApp1.csproj", "{AFA31A05-03CD-4B55-A389-38CB2387954E}"
EndProject
Global
	GlobalSection(SolutionConfigurationPlatforms) = preSolution
		Debug|Any CPU = Debug|Any CPU
		Release|Any CPU = Release|Any CPU
	EndGlobalSection
	GlobalSection(ProjectConfigurationPlatforms) = postSolution
		{AFA31A05-03CD-4B55-A389-38CB2387954E}.Debug|Any CPU.ActiveCfg = Debug|Any CPU
		{AFA31A05-03CD-4B55-A389-38CB2387954E}.Debug|Any CPU.Build.0 = Debug|Any CPU
		{AFA31A05-03CD-4B55-A389-38CB2387954E}.Release|Any CPU.ActiveCfg = Release|Any CPU
		{AFA31A05-03CD-4B55-A389-38CB2387954E}.Release|Any CPU.Build.0 = Release|Any CPU
	EndGlobalSection
	GlobalSection(SolutionProperties) = preSolution
		HideSolutionNode = FALSE
	EndGlobalSection
	GlobalSection(ExtensibilityGlobals) = postSolution
		SolutionGuid = {D7F42274-06AD-478D-A15C-4EDDF00C0B78}
	EndGlobalSection
EndGlobal
